
Microsoft Visual Studio Solution File, Format Version 11.00
# Visual Studio 2010
Project("{FAE04EC0-301F-11D3-BF4B-00C04F79EFBC}") = "Solar_System", "Assembly-CSharp.csproj", "{46EEB933-AA5C-5BEA-57CE-05AC142814EA}"
EndProject
Global
	GlobalSection(SolutionConfigurationPlatforms) = preSolution
		Debug|Any CPU = Debug|Any CPU
		Release|Any CPU = Release|Any CPU
	EndGlobalSection
	GlobalSection(ProjectConfigurationPlatforms) = postSolution
		{46EEB933-AA5C-5BEA-57CE-05AC142814EA}.Debug|Any CPU.ActiveCfg = Debug|Any CPU
		{46EEB933-AA5C-5BEA-57CE-05AC142814EA}.Debug|Any CPU.Build.0 = Debug|Any CPU
		{46EEB933-AA5C-5BEA-57CE-05AC142814EA}.Release|Any CPU.ActiveCfg = Release|Any CPU
		{46EEB933-AA5C-5BEA-57CE-05AC142814EA}.Release|Any CPU.Build.0 = Release|Any CPU
	EndGlobalSection
	GlobalSection(SolutionProperties) = preSolution
		HideSolutionNode = FALSE
	EndGlobalSection
	GlobalSection(MonoDevelopProperties) = preSolution
		StartupItem = Assembly-CSharp.csproj
	EndGlobalSection
EndGlobal
